
Microsoft Visual Studio Solution File, Format Version 12.00
# Visual Studio Version 17
VisualStudioVersion = 17.5.2.0
MinimumVisualStudioVersion = 10.0.40219.1
Project("{FAE04EC0-301F-11D3-BF4B-00C04F79EFBC}") = "KursKayıtSıstemı", "KursKayıtSıstemı.csproj", "{AB322117-0BCA-DE43-015D-7970A90C88AC}"
EndProject
Global
	GlobalSection(SolutionConfigurationPlatforms) = preSolution
		Debug|Any CPU = Debug|Any CPU
		Release|Any CPU = Release|Any CPU
	EndGlobalSection
	GlobalSection(ProjectConfigurationPlatforms) = postSolution
		{AB322117-0BCA-DE43-015D-7970A90C88AC}.Debug|Any CPU.ActiveCfg = Debug|Any CPU
		{AB322117-0BCA-DE43-015D-7970A90C88AC}.Debug|Any CPU.Build.0 = Debug|Any CPU
		{AB322117-0BCA-DE43-015D-7970A90C88AC}.Release|Any CPU.ActiveCfg = Release|Any CPU
		{AB322117-0BCA-DE43-015D-7970A90C88AC}.Release|Any CPU.Build.0 = Release|Any CPU
	EndGlobalSection
	GlobalSection(SolutionProperties) = preSolution
		HideSolutionNode = FALSE
	EndGlobalSection
	GlobalSection(ExtensibilityGlobals) = postSolution
		SolutionGuid = {1A231C9A-F8A4-4327-BE77-C57B78BD0FE6}
	EndGlobalSection
EndGlobal
